
Microsoft Visual Studio Solution File, Format Version 12.00
# Visual Studio Version 17
VisualStudioVersion = 17.13.35818.85 d17.13
MinimumVisualStudioVersion = 10.0.40219.1
Project("{FAE04EC0-301F-11D3-BF4B-00C04F79EFBC}") = "joguinhoMosca", "joguinhoMosca\joguinhoMosca.csproj", "{DC08C761-935E-4FC9-AE87-C584FF2C7D1E}"
EndProject
Global
	GlobalSection(SolutionConfigurationPlatforms) = preSolution
		Debug|Any CPU = Debug|Any CPU
		Release|Any CPU = Release|Any CPU
	EndGlobalSection
	GlobalSection(ProjectConfigurationPlatforms) = postSolution
		{DC08C761-935E-4FC9-AE87-C584FF2C7D1E}.Debug|Any CPU.ActiveCfg = Debug|Any CPU
		{DC08C761-935E-4FC9-AE87-C584FF2C7D1E}.Debug|Any CPU.Build.0 = Debug|Any CPU
		{DC08C761-935E-4FC9-AE87-C584FF2C7D1E}.Release|Any CPU.ActiveCfg = Release|Any CPU
		{DC08C761-935E-4FC9-AE87-C584FF2C7D1E}.Release|Any CPU.Build.0 = Release|Any CPU
	EndGlobalSection
	GlobalSection(SolutionProperties) = preSolution
		HideSolutionNode = FALSE
	EndGlobalSection
	GlobalSection(ExtensibilityGlobals) = postSolution
		SolutionGuid = {8872A63A-0F27-4BD6-8040-7169742B585A}
	EndGlobalSection
EndGlobal
